
Microsoft Visual Studio Solution File, Format Version 12.00
# Visual Studio Version 17
VisualStudioVersion = 17.6.33829.357
MinimumVisualStudioVersion = 10.0.40219.1
Project("{FAE04EC0-301F-11D3-BF4B-00C04F79EFBC}") = "Perikato", "Perikato\Perikato.csproj", "{1EDBC2C9-4B8A-45AA-9AAB-47499A04B68F}"
EndProject
Global
	GlobalSection(SolutionConfigurationPlatforms) = preSolution
		Debug|Any CPU = Debug|Any CPU
		Release|Any CPU = Release|Any CPU
	EndGlobalSection
	GlobalSection(ProjectConfigurationPlatforms) = postSolution
		{1EDBC2C9-4B8A-45AA-9AAB-47499A04B68F}.Debug|Any CPU.ActiveCfg = Debug|Any CPU
		{1EDBC2C9-4B8A-45AA-9AAB-47499A04B68F}.Debug|Any CPU.Build.0 = Debug|Any CPU
		{1EDBC2C9-4B8A-45AA-9AAB-47499A04B68F}.Release|Any CPU.ActiveCfg = Release|Any CPU
		{1EDBC2C9-4B8A-45AA-9AAB-47499A04B68F}.Release|Any CPU.Build.0 = Release|Any CPU
	EndGlobalSection
	GlobalSection(SolutionProperties) = preSolution
		HideSolutionNode = FALSE
	EndGlobalSection
	GlobalSection(ExtensibilityGlobals) = postSolution
		SolutionGuid = {85305E33-5377-4260-A6E0-DF2EA8DC99CD}
	EndGlobalSection
EndGlobal
